
Microsoft Visual Studio Solution File, Format Version 12.00
# Visual Studio Version 17
VisualStudioVersion = 17.3.32819.101
MinimumVisualStudioVersion = 10.0.40219.1
Project("{FAE04EC0-301F-11D3-BF4B-00C04F79EFBC}") = "WindowsFormsApp1", "WindowsFormsApp1\WindowsFormsApp1.csproj", "{446D33C0-2972-441B-9F5D-918014BB7EF4}"
EndProject
Global
	GlobalSection(SolutionConfigurationPlatforms) = preSolution
		Debug|Any CPU = Debug|Any CPU
		Release|Any CPU = Release|Any CPU
	EndGlobalSection
	GlobalSection(ProjectConfigurationPlatforms) = postSolution
		{446D33C0-2972-441B-9F5D-918014BB7EF4}.Debug|Any CPU.ActiveCfg = Debug|Any CPU
		{446D33C0-2972-441B-9F5D-918014BB7EF4}.Debug|Any CPU.Build.0 = Debug|Any CPU
		{446D33C0-2972-441B-9F5D-918014BB7EF4}.Release|Any CPU.ActiveCfg = Release|Any CPU
		{446D33C0-2972-441B-9F5D-918014BB7EF4}.Release|Any CPU.Build.0 = Release|Any CPU
	EndGlobalSection
	GlobalSection(SolutionProperties) = preSolution
		HideSolutionNode = FALSE
	EndGlobalSection
	GlobalSection(ExtensibilityGlobals) = postSolution
		SolutionGuid = {9C4B8B75-4A36-4A79-8D86-3E2D5CD0E462}
	EndGlobalSection
EndGlobal
